
Microsoft Visual Studio Solution File, Format Version 12.00
# Visual Studio 2012
Project("{FAE04EC0-301F-11D3-BF4B-00C04F79EFBC}") = "EStudyBase", "EStudyBase\EStudyBase.csproj", "{FF9EC18E-40CC-4501-B8D6-B708B138856F}"
EndProject
Project("{FAE04EC0-301F-11D3-BF4B-00C04F79EFBC}") = "EStudyBase.Tests", "EStudyBase.Tests\EStudyBase.Tests.csproj", "{36020EF7-94C1-4DDA-8B78-780CCCCAD1B1}"
EndProject
Global
	GlobalSection(SubversionScc) = preSolution
		Svn-Managed = True
		Manager = AnkhSVN - Subversion Support for Visual Studio
	EndGlobalSection
	GlobalSection(SolutionConfigurationPlatforms) = preSolution
		Debug|Any CPU = Debug|Any CPU
		Release|Any CPU = Release|Any CPU
	EndGlobalSection
	GlobalSection(ProjectConfigurationPlatforms) = postSolution
		{FF9EC18E-40CC-4501-B8D6-B708B138856F}.Debug|Any CPU.ActiveCfg = Debug|Any CPU
		{FF9EC18E-40CC-4501-B8D6-B708B138856F}.Debug|Any CPU.Build.0 = Debug|Any CPU
		{FF9EC18E-40CC-4501-B8D6-B708B138856F}.Release|Any CPU.ActiveCfg = Release|Any CPU
		{FF9EC18E-40CC-4501-B8D6-B708B138856F}.Release|Any CPU.Build.0 = Release|Any CPU
		{36020EF7-94C1-4DDA-8B78-780CCCCAD1B1}.Debug|Any CPU.ActiveCfg = Debug|Any CPU
		{36020EF7-94C1-4DDA-8B78-780CCCCAD1B1}.Debug|Any CPU.Build.0 = Debug|Any CPU
		{36020EF7-94C1-4DDA-8B78-780CCCCAD1B1}.Release|Any CPU.ActiveCfg = Release|Any CPU
		{36020EF7-94C1-4DDA-8B78-780CCCCAD1B1}.Release|Any CPU.Build.0 = Release|Any CPU
	EndGlobalSection
	GlobalSection(SolutionProperties) = preSolution
		HideSolutionNode = FALSE
	EndGlobalSection
EndGlobal
